
Microsoft Visual Studio Solution File, Format Version 11.00
# Visual Studio 2010
Project("{FAE04EC0-301F-11D3-BF4B-00C04F79EFBC}") = "demo-rad", "demo-rad\demo-rad.csproj", "{0BCA3092-2732-4D17-8FBF-96547DC955FC}"
EndProject
Global
	GlobalSection(SolutionConfigurationPlatforms) = preSolution
		Debug|Any CPU = Debug|Any CPU
		Release|Any CPU = Release|Any CPU
	EndGlobalSection
	GlobalSection(ProjectConfigurationPlatforms) = postSolution
		{0BCA3092-2732-4D17-8FBF-96547DC955FC}.Debug|Any CPU.ActiveCfg = Debug|Any CPU
		{0BCA3092-2732-4D17-8FBF-96547DC955FC}.Debug|Any CPU.Build.0 = Debug|Any CPU
		{0BCA3092-2732-4D17-8FBF-96547DC955FC}.Release|Any CPU.ActiveCfg = Release|Any CPU
		{0BCA3092-2732-4D17-8FBF-96547DC955FC}.Release|Any CPU.Build.0 = Release|Any CPU
	EndGlobalSection
	GlobalSection(SolutionProperties) = preSolution
		HideSolutionNode = FALSE
	EndGlobalSection
EndGlobal
